
Microsoft Visual Studio Solution File, Format Version 12.00
# Visual Studio Version 16
VisualStudioVersion = 16.0.30309.148
MinimumVisualStudioVersion = 10.0.40219.1
Project("{FAE04EC0-301F-11D3-BF4B-00C04F79EFBC}") = "02_KarateChop_NetCore", "02_KarateChop_NetCore\02_KarateChop_NetCore.csproj", "{8D9F46DB-C105-4C3B-9937-FFD1A3746896}"
EndProject
Project("{FAE04EC0-301F-11D3-BF4B-00C04F79EFBC}") = "KarateChop.Tests.Unit", "KarateChop.Tests.Unit\KarateChop.Tests.Unit.csproj", "{6268EDC7-ACBC-4EB0-8257-2E11FA93E3F4}"
EndProject
Global
	GlobalSection(SolutionConfigurationPlatforms) = preSolution
		Debug|Any CPU = Debug|Any CPU
		Release|Any CPU = Release|Any CPU
	EndGlobalSection
	GlobalSection(ProjectConfigurationPlatforms) = postSolution
		{8D9F46DB-C105-4C3B-9937-FFD1A3746896}.Debug|Any CPU.ActiveCfg = Debug|Any CPU
		{8D9F46DB-C105-4C3B-9937-FFD1A3746896}.Debug|Any CPU.Build.0 = Debug|Any CPU
		{8D9F46DB-C105-4C3B-9937-FFD1A3746896}.Release|Any CPU.ActiveCfg = Release|Any CPU
		{8D9F46DB-C105-4C3B-9937-FFD1A3746896}.Release|Any CPU.Build.0 = Release|Any CPU
		{6268EDC7-ACBC-4EB0-8257-2E11FA93E3F4}.Debug|Any CPU.ActiveCfg = Debug|Any CPU
		{6268EDC7-ACBC-4EB0-8257-2E11FA93E3F4}.Debug|Any CPU.Build.0 = Debug|Any CPU
		{6268EDC7-ACBC-4EB0-8257-2E11FA93E3F4}.Release|Any CPU.ActiveCfg = Release|Any CPU
		{6268EDC7-ACBC-4EB0-8257-2E11FA93E3F4}.Release|Any CPU.Build.0 = Release|Any CPU
	EndGlobalSection
	GlobalSection(SolutionProperties) = preSolution
		HideSolutionNode = FALSE
	EndGlobalSection
	GlobalSection(ExtensibilityGlobals) = postSolution
		SolutionGuid = {D5B33754-339C-4424-B7C2-CA1AEF04148F}
	EndGlobalSection
EndGlobal
